{
  "name": "majorasmaskwatchface",
  "version": "1.0.0",
  "lockfileVersion": 3,
  "requires": true,
  "packages": {
    "": {
      "name": "myproject",
      "version": "1.0.0",
      "dependencies": {
        "pdc-transform": "^2.0.4"
      }
    },
    "node_modules/pdc-transform": {
      "version": "2.0.4",
      "resolved": "https://registry.npmjs.org/pdc-transform/-/pdc-transform-2.0.4.tgz",
      "integrity": "sha512-v5v/aRlSM5eWyVsD9f6QiBMf1xlBEXSGfjE6TmVaZE2nsUR4QQ/Hg9iqkt4O4bIKMIcczcCTfmo2u7/b0m7H8w==",
      "license": "MIT"
    }
  }
}
